
Microsoft Visual Studio Solution File, Format Version 12.00
# Visual Studio Version 17
VisualStudioVersion = 17.9.34723.18
MinimumVisualStudioVersion = 10.0.40219.1
Project("{FAE04EC0-301F-11D3-BF4B-00C04F79EFBC}") = "Introduction", "Introduction\Introduction.csproj", "{BA017B1F-8365-4FC1-83CF-D01C04E76004}"
EndProject
Project("{FAE04EC0-301F-11D3-BF4B-00C04F79EFBC}") = "Features", "Features\Features.csproj", "{A5AC7906-51DA-4C70-8FF3-DEBB7E8B448F}"
EndProject
Project("{FAE04EC0-301F-11D3-BF4B-00C04F79EFBC}") = "Queries", "Queries\Queries.csproj", "{41812291-07E9-4BAC-B047-3FC248BF24F9}"
EndProject
Project("{FAE04EC0-301F-11D3-BF4B-00C04F79EFBC}") = "Dictionaries", "Dictionaries\Dictionaries.csproj", "{9D307A43-89E7-4E01-ABDF-72685CF28AC7}"
EndProject
Global
	GlobalSection(SolutionConfigurationPlatforms) = preSolution
		Debug|Any CPU = Debug|Any CPU
		Release|Any CPU = Release|Any CPU
	EndGlobalSection
	GlobalSection(ProjectConfigurationPlatforms) = postSolution
		{BA017B1F-8365-4FC1-83CF-D01C04E76004}.Debug|Any CPU.ActiveCfg = Debug|Any CPU
		{BA017B1F-8365-4FC1-83CF-D01C04E76004}.Debug|Any CPU.Build.0 = Debug|Any CPU
		{BA017B1F-8365-4FC1-83CF-D01C04E76004}.Release|Any CPU.ActiveCfg = Release|Any CPU
		{BA017B1F-8365-4FC1-83CF-D01C04E76004}.Release|Any CPU.Build.0 = Release|Any CPU
		{A5AC7906-51DA-4C70-8FF3-DEBB7E8B448F}.Debug|Any CPU.ActiveCfg = Debug|Any CPU
		{A5AC7906-51DA-4C70-8FF3-DEBB7E8B448F}.Debug|Any CPU.Build.0 = Debug|Any CPU
		{A5AC7906-51DA-4C70-8FF3-DEBB7E8B448F}.Release|Any CPU.ActiveCfg = Release|Any CPU
		{A5AC7906-51DA-4C70-8FF3-DEBB7E8B448F}.Release|Any CPU.Build.0 = Release|Any CPU
		{41812291-07E9-4BAC-B047-3FC248BF24F9}.Debug|Any CPU.ActiveCfg = Debug|Any CPU
		{41812291-07E9-4BAC-B047-3FC248BF24F9}.Debug|Any CPU.Build.0 = Debug|Any CPU
		{41812291-07E9-4BAC-B047-3FC248BF24F9}.Release|Any CPU.ActiveCfg = Release|Any CPU
		{41812291-07E9-4BAC-B047-3FC248BF24F9}.Release|Any CPU.Build.0 = Release|Any CPU
		{9D307A43-89E7-4E01-ABDF-72685CF28AC7}.Debug|Any CPU.ActiveCfg = Debug|Any CPU
		{9D307A43-89E7-4E01-ABDF-72685CF28AC7}.Debug|Any CPU.Build.0 = Debug|Any CPU
		{9D307A43-89E7-4E01-ABDF-72685CF28AC7}.Release|Any CPU.ActiveCfg = Release|Any CPU
		{9D307A43-89E7-4E01-ABDF-72685CF28AC7}.Release|Any CPU.Build.0 = Release|Any CPU
	EndGlobalSection
	GlobalSection(SolutionProperties) = preSolution
		HideSolutionNode = FALSE
	EndGlobalSection
	GlobalSection(ExtensibilityGlobals) = postSolution
		SolutionGuid = {8438894B-5AC4-4CA8-8826-A52AC7A62B56}
	EndGlobalSection
EndGlobal
